
Microsoft Visual Studio Solution File, Format Version 12.00
# Visual Studio Version 17
VisualStudioVersion = 17.4.33213.308
MinimumVisualStudioVersion = 10.0.40219.1
Project("{FAE04EC0-301F-11D3-BF4B-00C04F79EFBC}") = "Fabolus", "Fabolus\Fabolus.csproj", "{7CB12270-A388-44B8-99BA-AD6BE915529E}"
EndProject
Global
	GlobalSection(SolutionConfigurationPlatforms) = preSolution
		Debug|Any CPU = Debug|Any CPU
		Release|Any CPU = Release|Any CPU
	EndGlobalSection
	GlobalSection(ProjectConfigurationPlatforms) = postSolution
		{7CB12270-A388-44B8-99BA-AD6BE915529E}.Debug|Any CPU.ActiveCfg = Debug|Any CPU
		{7CB12270-A388-44B8-99BA-AD6BE915529E}.Debug|Any CPU.Build.0 = Debug|Any CPU
		{7CB12270-A388-44B8-99BA-AD6BE915529E}.Release|Any CPU.ActiveCfg = Release|Any CPU
		{7CB12270-A388-44B8-99BA-AD6BE915529E}.Release|Any CPU.Build.0 = Release|Any CPU
	EndGlobalSection
	GlobalSection(SolutionProperties) = preSolution
		HideSolutionNode = FALSE
	EndGlobalSection
	GlobalSection(ExtensibilityGlobals) = postSolution
		SolutionGuid = {F5A9F787-103C-4BC4-9573-F367815CA338}
	EndGlobalSection
EndGlobal
